
Microsoft Visual Studio Solution File, Format Version 12.00
# Visual Studio Version 16
VisualStudioVersion = 16.0.31515.178
MinimumVisualStudioVersion = 10.0.40219.1
Project("{9A19103F-16F7-4668-BE54-9A1E7A4F7556}") = "MyNihongo.KanaConverter", "src\MyNihongo.KanaConverter.csproj", "{EF39164E-C382-4520-A844-ECA7970BBF41}"
EndProject
Project("{FAE04EC0-301F-11D3-BF4B-00C04F79EFBC}") = "MyNihongo.KanaConverter.Tests", "tests\MyNihongo.KanaConverter.Tests\MyNihongo.KanaConverter.Tests.csproj", "{061E38F2-AEC6-402D-A36C-A2EC8A53A900}"
EndProject
Global
	GlobalSection(SolutionConfigurationPlatforms) = preSolution
		Debug|Any CPU = Debug|Any CPU
		Release|Any CPU = Release|Any CPU
	EndGlobalSection
	GlobalSection(ProjectConfigurationPlatforms) = postSolution
		{EF39164E-C382-4520-A844-ECA7970BBF41}.Debug|Any CPU.ActiveCfg = Debug|Any CPU
		{EF39164E-C382-4520-A844-ECA7970BBF41}.Debug|Any CPU.Build.0 = Debug|Any CPU
		{EF39164E-C382-4520-A844-ECA7970BBF41}.Release|Any CPU.ActiveCfg = Release|Any CPU
		{EF39164E-C382-4520-A844-ECA7970BBF41}.Release|Any CPU.Build.0 = Release|Any CPU
		{061E38F2-AEC6-402D-A36C-A2EC8A53A900}.Debug|Any CPU.ActiveCfg = Debug|Any CPU
		{061E38F2-AEC6-402D-A36C-A2EC8A53A900}.Debug|Any CPU.Build.0 = Debug|Any CPU
		{061E38F2-AEC6-402D-A36C-A2EC8A53A900}.Release|Any CPU.ActiveCfg = Release|Any CPU
		{061E38F2-AEC6-402D-A36C-A2EC8A53A900}.Release|Any CPU.Build.0 = Release|Any CPU
	EndGlobalSection
	GlobalSection(SolutionProperties) = preSolution
		HideSolutionNode = FALSE
	EndGlobalSection
	GlobalSection(ExtensibilityGlobals) = postSolution
		SolutionGuid = {558A5AF8-5BE5-46FA-86BB-DE961058F6C2}
	EndGlobalSection
EndGlobal
